{
  "meteor": {},
  "dependencies": {
    "basePackages": {
      "fonts-barcode": {},
      "fonts-handwritten": {},
      "fonts-pictographs": {},
      "fonts-helveticas": {},
      "bootstrap-3": {},
      "fonts-calligraphy": {}
    },
    "packages": {
      "fonts-barcode": {
        "git": "https://github.com/awatson1978/fonts-barcode.git",
        "tag": "v0.2.0",
        "commit": "9b4c7fe6d5afafd044b43f57d718d7c19a7ceade"
      },
      "fonts-handwritten": {
        "git": "https://github.com/awatson1978/fonts-handwritten.git",
        "tag": "v0.2.0",
        "commit": "b194cd9cf190c698d2c728d092404a0264d25f5b"
      },
      "fonts-pictographs": {
        "git": "https://github.com/awatson1978/fonts-pictographs.git",
        "tag": "v0.2.0",
        "commit": "ff688a71c704fda78e157a68edc2b7d7660244c3"
      },
      "fonts-helveticas": {
        "git": "https://github.com/awatson1978/fonts-helveticas.git",
        "tag": "v0.2.0",
        "commit": "5bc7e8483e81d86363853e9aa15bae8987b8378a"
      },
      "bootstrap-3": {
        "git": "https://github.com/mangasocial/meteor-bootstrap-3.git",
        "tag": "v0.3.5",
        "commit": "47996f67f3987c9f82117394effcbe1586a4fe29"
      },
      "fonts-calligraphy": {
        "git": "https://github.com/awatson1978/fonts-calligraphy.git",
        "tag": "v0.2.0",
        "commit": "0659f4fcbc4fc5c32a19e0dae8de1885cb5bbbb0"
      }
    }
  }
}
